
Microsoft Visual Studio Solution File, Format Version 12.00
# Visual Studio Version 16
VisualStudioVersion = 16.0.30804.86
MinimumVisualStudioVersion = 10.0.40219.1
Project("{9A19103F-16F7-4668-BE54-9A1E7A4F7556}") = "GraphQL", "session-1\GraphQL\GraphQL.csproj", "{5A9A8C0B-3981-4956-9BA4-A216AE8DAA73}"
EndProject
Project("{2150E333-8FDC-42A3-9474-1A3956D46DE8}") = "session-1", "session-1", "{7248C93A-7F83-4C0D-A3F7-7A1604F6B0B9}"
EndProject
Project("{2150E333-8FDC-42A3-9474-1A3956D46DE8}") = "session-2", "session-2", "{09D454B4-5CCD-42BE-BD16-4FAB54718A05}"
EndProject
Project("{9A19103F-16F7-4668-BE54-9A1E7A4F7556}") = "GraphQL", "session-2\GraphQL\GraphQL.csproj", "{A3D8D6AA-A610-45C8-8ACA-8BBEA571915F}"
EndProject
Project("{2150E333-8FDC-42A3-9474-1A3956D46DE8}") = "session-3", "session-3", "{27446E57-65F2-4FAF-B78B-548587A482AA}"
EndProject
Project("{2150E333-8FDC-42A3-9474-1A3956D46DE8}") = "session-4", "session-4", "{13488EE6-242C-4D5D-A139-CBAF49335FF8}"
EndProject
Project("{2150E333-8FDC-42A3-9474-1A3956D46DE8}") = "session-5", "session-5", "{A6EAC65F-C39D-4B0B-B4AD-583A68BD8088}"
EndProject
Project("{2150E333-8FDC-42A3-9474-1A3956D46DE8}") = "session-6", "session-6", "{255CF900-EEE3-4C45-8933-5B179CD6865A}"
EndProject
Project("{2150E333-8FDC-42A3-9474-1A3956D46DE8}") = "session-7", "session-7", "{95F41BB0-A4F6-4288-A365-B302AB1C2B57}"
EndProject
Project("{2150E333-8FDC-42A3-9474-1A3956D46DE8}") = "session-8", "session-8", "{7641B375-7CCF-4FFC-98F9-9C36D6F16799}"
EndProject
Project("{2150E333-8FDC-42A3-9474-1A3956D46DE8}") = "complete", "complete", "{9AC71A95-4D55-4208-873C-4235E06874E8}"
EndProject
Project("{9A19103F-16F7-4668-BE54-9A1E7A4F7556}") = "GraphQL", "complete\GraphQL\GraphQL.csproj", "{6A3D1961-C67E-4931-9AC9-021960CA130F}"
EndProject
Project("{9A19103F-16F7-4668-BE54-9A1E7A4F7556}") = "GraphQL.Tests", "complete\GraphQL.Tests\GraphQL.Tests.csproj", "{E8B2D0A9-EE65-4D59-BD0B-560F63C17287}"
EndProject
Project("{9A19103F-16F7-4668-BE54-9A1E7A4F7556}") = "GraphQL", "session-3\GraphQL\GraphQL.csproj", "{92DAD0DA-11C4-45D0-9798-6C6528EEB616}"
EndProject
Project("{9A19103F-16F7-4668-BE54-9A1E7A4F7556}") = "GraphQL", "session-4\GraphQL\GraphQL.csproj", "{0FA44F62-7322-493A-87D0-9F9921B47F3A}"
EndProject
Project("{9A19103F-16F7-4668-BE54-9A1E7A4F7556}") = "GraphQL", "session-5\GraphQL\GraphQL.csproj", "{F79F6DAD-A07E-4133-984F-8385EAAC8BA8}"
EndProject
Project("{9A19103F-16F7-4668-BE54-9A1E7A4F7556}") = "GraphQL", "session-6\GraphQL\GraphQL.csproj", "{77F40530-66A8-49D3-B491-2CCE4E79077E}"
EndProject
Project("{9A19103F-16F7-4668-BE54-9A1E7A4F7556}") = "GraphQL", "session-7\GraphQL\GraphQL.csproj", "{F0132C9E-8D7A-49FF-ADC4-381A1699357E}"
EndProject
Project("{9A19103F-16F7-4668-BE54-9A1E7A4F7556}") = "GraphQL", "session-8\GraphQL\GraphQL.csproj", "{C5753993-8C91-49B9-A8AC-49D529BD95C6}"
EndProject
Project("{9A19103F-16F7-4668-BE54-9A1E7A4F7556}") = "GraphQL.Tests", "session-8\GraphQL.Tests\GraphQL.Tests.csproj", "{89D2C74F-FD0D-4AB5-ACCE-F02901091457}"
EndProject
Global
	GlobalSection(SolutionConfigurationPlatforms) = preSolution
		Debug|Any CPU = Debug|Any CPU
		Release|Any CPU = Release|Any CPU
	EndGlobalSection
	GlobalSection(ProjectConfigurationPlatforms) = postSolution
		{5A9A8C0B-3981-4956-9BA4-A216AE8DAA73}.Debug|Any CPU.ActiveCfg = Debug|Any CPU
		{5A9A8C0B-3981-4956-9BA4-A216AE8DAA73}.Debug|Any CPU.Build.0 = Debug|Any CPU
		{5A9A8C0B-3981-4956-9BA4-A216AE8DAA73}.Release|Any CPU.ActiveCfg = Release|Any CPU
		{5A9A8C0B-3981-4956-9BA4-A216AE8DAA73}.Release|Any CPU.Build.0 = Release|Any CPU
		{A3D8D6AA-A610-45C8-8ACA-8BBEA571915F}.Debug|Any CPU.ActiveCfg = Debug|Any CPU
		{A3D8D6AA-A610-45C8-8ACA-8BBEA571915F}.Debug|Any CPU.Build.0 = Debug|Any CPU
		{A3D8D6AA-A610-45C8-8ACA-8BBEA571915F}.Release|Any CPU.ActiveCfg = Release|Any CPU
		{A3D8D6AA-A610-45C8-8ACA-8BBEA571915F}.Release|Any CPU.Build.0 = Release|Any CPU
		{6A3D1961-C67E-4931-9AC9-021960CA130F}.Debug|Any CPU.ActiveCfg = Debug|Any CPU
		{6A3D1961-C67E-4931-9AC9-021960CA130F}.Debug|Any CPU.Build.0 = Debug|Any CPU
		{6A3D1961-C67E-4931-9AC9-021960CA130F}.Release|Any CPU.ActiveCfg = Release|Any CPU
		{6A3D1961-C67E-4931-9AC9-021960CA130F}.Release|Any CPU.Build.0 = Release|Any CPU
		{E8B2D0A9-EE65-4D59-BD0B-560F63C17287}.Debug|Any CPU.ActiveCfg = Debug|Any CPU
		{E8B2D0A9-EE65-4D59-BD0B-560F63C17287}.Debug|Any CPU.Build.0 = Debug|Any CPU
		{E8B2D0A9-EE65-4D59-BD0B-560F63C17287}.Release|Any CPU.ActiveCfg = Release|Any CPU
		{E8B2D0A9-EE65-4D59-BD0B-560F63C17287}.Release|Any CPU.Build.0 = Release|Any CPU
		{92DAD0DA-11C4-45D0-9798-6C6528EEB616}.Debug|Any CPU.ActiveCfg = Debug|Any CPU
		{92DAD0DA-11C4-45D0-9798-6C6528EEB616}.Debug|Any CPU.Build.0 = Debug|Any CPU
		{92DAD0DA-11C4-45D0-9798-6C6528EEB616}.Release|Any CPU.ActiveCfg = Release|Any CPU
		{92DAD0DA-11C4-45D0-9798-6C6528EEB616}.Release|Any CPU.Build.0 = Release|Any CPU
		{0FA44F62-7322-493A-87D0-9F9921B47F3A}.Debug|Any CPU.ActiveCfg = Debug|Any CPU
		{0FA44F62-7322-493A-87D0-9F9921B47F3A}.Debug|Any CPU.Build.0 = Debug|Any CPU
		{0FA44F62-7322-493A-87D0-9F9921B47F3A}.Release|Any CPU.ActiveCfg = Release|Any CPU
		{0FA44F62-7322-493A-87D0-9F9921B47F3A}.Release|Any CPU.Build.0 = Release|Any CPU
		{F79F6DAD-A07E-4133-984F-8385EAAC8BA8}.Debug|Any CPU.ActiveCfg = Debug|Any CPU
		{F79F6DAD-A07E-4133-984F-8385EAAC8BA8}.Debug|Any CPU.Build.0 = Debug|Any CPU
		{F79F6DAD-A07E-4133-984F-8385EAAC8BA8}.Release|Any CPU.ActiveCfg = Release|Any CPU
		{F79F6DAD-A07E-4133-984F-8385EAAC8BA8}.Release|Any CPU.Build.0 = Release|Any CPU
		{77F40530-66A8-49D3-B491-2CCE4E79077E}.Debug|Any CPU.ActiveCfg = Debug|Any CPU
		{77F40530-66A8-49D3-B491-2CCE4E79077E}.Debug|Any CPU.Build.0 = Debug|Any CPU
		{77F40530-66A8-49D3-B491-2CCE4E79077E}.Release|Any CPU.ActiveCfg = Release|Any CPU
		{77F40530-66A8-49D3-B491-2CCE4E79077E}.Release|Any CPU.Build.0 = Release|Any CPU
		{F0132C9E-8D7A-49FF-ADC4-381A1699357E}.Debug|Any CPU.ActiveCfg = Debug|Any CPU
		{F0132C9E-8D7A-49FF-ADC4-381A1699357E}.Debug|Any CPU.Build.0 = Debug|Any CPU
		{F0132C9E-8D7A-49FF-ADC4-381A1699357E}.Release|Any CPU.ActiveCfg = Release|Any CPU
		{F0132C9E-8D7A-49FF-ADC4-381A1699357E}.Release|Any CPU.Build.0 = Release|Any CPU
		{C5753993-8C91-49B9-A8AC-49D529BD95C6}.Debug|Any CPU.ActiveCfg = Debug|Any CPU
		{C5753993-8C91-49B9-A8AC-49D529BD95C6}.Debug|Any CPU.Build.0 = Debug|Any CPU
		{C5753993-8C91-49B9-A8AC-49D529BD95C6}.Release|Any CPU.ActiveCfg = Release|Any CPU
		{C5753993-8C91-49B9-A8AC-49D529BD95C6}.Release|Any CPU.Build.0 = Release|Any CPU
		{89D2C74F-FD0D-4AB5-ACCE-F02901091457}.Debug|Any CPU.ActiveCfg = Debug|Any CPU
		{89D2C74F-FD0D-4AB5-ACCE-F02901091457}.Debug|Any CPU.Build.0 = Debug|Any CPU
		{89D2C74F-FD0D-4AB5-ACCE-F02901091457}.Release|Any CPU.ActiveCfg = Release|Any CPU
		{89D2C74F-FD0D-4AB5-ACCE-F02901091457}.Release|Any CPU.Build.0 = Release|Any CPU
	EndGlobalSection
	GlobalSection(SolutionProperties) = preSolution
		HideSolutionNode = FALSE
	EndGlobalSection
	GlobalSection(NestedProjects) = preSolution
		{5A9A8C0B-3981-4956-9BA4-A216AE8DAA73} = {7248C93A-7F83-4C0D-A3F7-7A1604F6B0B9}
		{A3D8D6AA-A610-45C8-8ACA-8BBEA571915F} = {09D454B4-5CCD-42BE-BD16-4FAB54718A05}
		{6A3D1961-C67E-4931-9AC9-021960CA130F} = {9AC71A95-4D55-4208-873C-4235E06874E8}
		{E8B2D0A9-EE65-4D59-BD0B-560F63C17287} = {9AC71A95-4D55-4208-873C-4235E06874E8}
		{92DAD0DA-11C4-45D0-9798-6C6528EEB616} = {27446E57-65F2-4FAF-B78B-548587A482AA}
		{0FA44F62-7322-493A-87D0-9F9921B47F3A} = {13488EE6-242C-4D5D-A139-CBAF49335FF8}
		{F79F6DAD-A07E-4133-984F-8385EAAC8BA8} = {A6EAC65F-C39D-4B0B-B4AD-583A68BD8088}
		{77F40530-66A8-49D3-B491-2CCE4E79077E} = {255CF900-EEE3-4C45-8933-5B179CD6865A}
		{F0132C9E-8D7A-49FF-ADC4-381A1699357E} = {95F41BB0-A4F6-4288-A365-B302AB1C2B57}
		{C5753993-8C91-49B9-A8AC-49D529BD95C6} = {7641B375-7CCF-4FFC-98F9-9C36D6F16799}
		{89D2C74F-FD0D-4AB5-ACCE-F02901091457} = {7641B375-7CCF-4FFC-98F9-9C36D6F16799}
	EndGlobalSection
	GlobalSection(ExtensibilityGlobals) = postSolution
		SolutionGuid = {F480600D-ACEC-40EA-9F92-7DCE5E3C4B94}
	EndGlobalSection
EndGlobal
