
Microsoft Visual Studio Solution File, Format Version 12.00
# Visual Studio Version 17
VisualStudioVersion = 17.0.31903.59
MinimumVisualStudioVersion = 10.0.40219.1
Project("{2150E333-8FDC-42A3-9474-1A3956D46DE8}") = "session-1", "session-1", "{11786640-0CEE-4D1E-8729-9904FA10C0DF}"
EndProject
Project("{FAE04EC0-301F-11D3-BF4B-00C04F79EFBC}") = "GraphQL", "session-1\GraphQL\GraphQL.csproj", "{D29C7593-D878-40BC-953F-971420A03403}"
EndProject
Project("{2150E333-8FDC-42A3-9474-1A3956D46DE8}") = "session-2", "session-2", "{7C8546F3-F99B-45A2-81A9-C3CB263748E8}"
EndProject
Project("{FAE04EC0-301F-11D3-BF4B-00C04F79EFBC}") = "GraphQL", "session-2\GraphQL\GraphQL.csproj", "{DF4EA51B-471F-4B0C-9737-5C6D68484CE2}"
EndProject
Project("{2150E333-8FDC-42A3-9474-1A3956D46DE8}") = "session-3", "session-3", "{F67C3085-53AB-459B-936F-C46905CDCDEA}"
EndProject
Project("{FAE04EC0-301F-11D3-BF4B-00C04F79EFBC}") = "GraphQL", "session-3\GraphQL\GraphQL.csproj", "{E452B369-E54E-4BD1-B856-34CF3019D428}"
EndProject
Project("{2150E333-8FDC-42A3-9474-1A3956D46DE8}") = "session-4", "session-4", "{3D651CB0-21E7-49CD-B19D-E9D75BBDA06D}"
EndProject
Project("{FAE04EC0-301F-11D3-BF4B-00C04F79EFBC}") = "GraphQL", "session-4\GraphQL\GraphQL.csproj", "{670B0591-4E59-4F20-B650-6B57A0BA9189}"
EndProject
Project("{2150E333-8FDC-42A3-9474-1A3956D46DE8}") = "session-5", "session-5", "{E98E6210-25DA-4386-BBEF-D13635BF6849}"
EndProject
Project("{FAE04EC0-301F-11D3-BF4B-00C04F79EFBC}") = "GraphQL", "session-5\GraphQL\GraphQL.csproj", "{FBCE7AE4-1A4A-4BA2-B6E4-DDBE77B8A8C3}"
EndProject
Project("{2150E333-8FDC-42A3-9474-1A3956D46DE8}") = "session-6", "session-6", "{D2283398-B9A6-4A19-869C-F70EA85BB7D8}"
EndProject
Project("{FAE04EC0-301F-11D3-BF4B-00C04F79EFBC}") = "GraphQL", "session-6\GraphQL\GraphQL.csproj", "{2D01FDB9-6476-4AA9-ADA7-889BF12F7623}"
EndProject
Project("{2150E333-8FDC-42A3-9474-1A3956D46DE8}") = "session-7", "session-7", "{C08F3869-99AC-4EF6-AC25-CC03B8CA35BC}"
EndProject
Project("{FAE04EC0-301F-11D3-BF4B-00C04F79EFBC}") = "GraphQL", "session-7\GraphQL\GraphQL.csproj", "{B56B6099-B71D-4C5A-BF5B-EEED842E5A01}"
EndProject
Project("{FAE04EC0-301F-11D3-BF4B-00C04F79EFBC}") = "GraphQL.Tests", "session-7\GraphQL.Tests\GraphQL.Tests.csproj", "{816B5BF4-4B80-4C78-A9A6-1567864FF732}"
EndProject
Global
	GlobalSection(SolutionConfigurationPlatforms) = preSolution
		Debug|Any CPU = Debug|Any CPU
		Release|Any CPU = Release|Any CPU
	EndGlobalSection
	GlobalSection(SolutionProperties) = preSolution
		HideSolutionNode = FALSE
	EndGlobalSection
	GlobalSection(ProjectConfigurationPlatforms) = postSolution
		{D29C7593-D878-40BC-953F-971420A03403}.Debug|Any CPU.ActiveCfg = Debug|Any CPU
		{D29C7593-D878-40BC-953F-971420A03403}.Debug|Any CPU.Build.0 = Debug|Any CPU
		{D29C7593-D878-40BC-953F-971420A03403}.Release|Any CPU.ActiveCfg = Release|Any CPU
		{D29C7593-D878-40BC-953F-971420A03403}.Release|Any CPU.Build.0 = Release|Any CPU
		{DF4EA51B-471F-4B0C-9737-5C6D68484CE2}.Debug|Any CPU.ActiveCfg = Debug|Any CPU
		{DF4EA51B-471F-4B0C-9737-5C6D68484CE2}.Debug|Any CPU.Build.0 = Debug|Any CPU
		{DF4EA51B-471F-4B0C-9737-5C6D68484CE2}.Release|Any CPU.ActiveCfg = Release|Any CPU
		{DF4EA51B-471F-4B0C-9737-5C6D68484CE2}.Release|Any CPU.Build.0 = Release|Any CPU
		{E452B369-E54E-4BD1-B856-34CF3019D428}.Debug|Any CPU.ActiveCfg = Debug|Any CPU
		{E452B369-E54E-4BD1-B856-34CF3019D428}.Debug|Any CPU.Build.0 = Debug|Any CPU
		{E452B369-E54E-4BD1-B856-34CF3019D428}.Release|Any CPU.ActiveCfg = Release|Any CPU
		{E452B369-E54E-4BD1-B856-34CF3019D428}.Release|Any CPU.Build.0 = Release|Any CPU
		{670B0591-4E59-4F20-B650-6B57A0BA9189}.Debug|Any CPU.ActiveCfg = Debug|Any CPU
		{670B0591-4E59-4F20-B650-6B57A0BA9189}.Debug|Any CPU.Build.0 = Debug|Any CPU
		{670B0591-4E59-4F20-B650-6B57A0BA9189}.Release|Any CPU.ActiveCfg = Release|Any CPU
		{670B0591-4E59-4F20-B650-6B57A0BA9189}.Release|Any CPU.Build.0 = Release|Any CPU
		{FBCE7AE4-1A4A-4BA2-B6E4-DDBE77B8A8C3}.Debug|Any CPU.ActiveCfg = Debug|Any CPU
		{FBCE7AE4-1A4A-4BA2-B6E4-DDBE77B8A8C3}.Debug|Any CPU.Build.0 = Debug|Any CPU
		{FBCE7AE4-1A4A-4BA2-B6E4-DDBE77B8A8C3}.Release|Any CPU.ActiveCfg = Release|Any CPU
		{FBCE7AE4-1A4A-4BA2-B6E4-DDBE77B8A8C3}.Release|Any CPU.Build.0 = Release|Any CPU
		{2D01FDB9-6476-4AA9-ADA7-889BF12F7623}.Debug|Any CPU.ActiveCfg = Debug|Any CPU
		{2D01FDB9-6476-4AA9-ADA7-889BF12F7623}.Debug|Any CPU.Build.0 = Debug|Any CPU
		{2D01FDB9-6476-4AA9-ADA7-889BF12F7623}.Release|Any CPU.ActiveCfg = Release|Any CPU
		{2D01FDB9-6476-4AA9-ADA7-889BF12F7623}.Release|Any CPU.Build.0 = Release|Any CPU
		{B56B6099-B71D-4C5A-BF5B-EEED842E5A01}.Debug|Any CPU.ActiveCfg = Debug|Any CPU
		{B56B6099-B71D-4C5A-BF5B-EEED842E5A01}.Debug|Any CPU.Build.0 = Debug|Any CPU
		{B56B6099-B71D-4C5A-BF5B-EEED842E5A01}.Release|Any CPU.ActiveCfg = Release|Any CPU
		{B56B6099-B71D-4C5A-BF5B-EEED842E5A01}.Release|Any CPU.Build.0 = Release|Any CPU
		{816B5BF4-4B80-4C78-A9A6-1567864FF732}.Debug|Any CPU.ActiveCfg = Debug|Any CPU
		{816B5BF4-4B80-4C78-A9A6-1567864FF732}.Debug|Any CPU.Build.0 = Debug|Any CPU
		{816B5BF4-4B80-4C78-A9A6-1567864FF732}.Release|Any CPU.ActiveCfg = Release|Any CPU
		{816B5BF4-4B80-4C78-A9A6-1567864FF732}.Release|Any CPU.Build.0 = Release|Any CPU
	EndGlobalSection
	GlobalSection(NestedProjects) = preSolution
		{D29C7593-D878-40BC-953F-971420A03403} = {11786640-0CEE-4D1E-8729-9904FA10C0DF}
		{DF4EA51B-471F-4B0C-9737-5C6D68484CE2} = {7C8546F3-F99B-45A2-81A9-C3CB263748E8}
		{E452B369-E54E-4BD1-B856-34CF3019D428} = {F67C3085-53AB-459B-936F-C46905CDCDEA}
		{670B0591-4E59-4F20-B650-6B57A0BA9189} = {3D651CB0-21E7-49CD-B19D-E9D75BBDA06D}
		{FBCE7AE4-1A4A-4BA2-B6E4-DDBE77B8A8C3} = {E98E6210-25DA-4386-BBEF-D13635BF6849}
		{2D01FDB9-6476-4AA9-ADA7-889BF12F7623} = {D2283398-B9A6-4A19-869C-F70EA85BB7D8}
		{B56B6099-B71D-4C5A-BF5B-EEED842E5A01} = {C08F3869-99AC-4EF6-AC25-CC03B8CA35BC}
		{816B5BF4-4B80-4C78-A9A6-1567864FF732} = {C08F3869-99AC-4EF6-AC25-CC03B8CA35BC}
	EndGlobalSection
EndGlobal
